// !$*UTF8*$!
{
	archiveVersion = 1;
	classes = {
	};
	objectVersion = 55;
	objects = {

/* Begin PBXBuildFile section */
		E909B2DA276609C60018F19B /* GameProtocol.swift in Sources */ = {isa = PBXBuildFile; fileRef = E909B2D9276609C60018F19B /* GameProtocol.swift */; };
		E909B2DC2768E6790018F19B /* ShapeBuilder.swift in Sources */ = {isa = PBXBuildFile; fileRef = E909B2DB2768E6790018F19B /* ShapeBuilder.swift */; };
		E909B2DE2768E8A30018F19B /* AllEnums.swift in Sources */ = {isa = PBXBuildFile; fileRef = E909B2DD2768E8A30018F19B /* AllEnums.swift */; };
		E912DC1E275CCECB00E65B85 /* SetGameApp.swift in Sources */ = {isa = PBXBuildFile; fileRef = E912DC1D275CCECB00E65B85 /* SetGameApp.swift */; };
		E912DC20275CCECB00E65B85 /* ContentView.swift in Sources */ = {isa = PBXBuildFile; fileRef = E912DC1F275CCECB00E65B85 /* ContentView.swift */; };
		E912DC22275CCECD00E65B85 /* Assets.xcassets in Resources */ = {isa = PBXBuildFile; fileRef = E912DC21275CCECD00E65B85 /* Assets.xcassets */; };
		E912DC25275CCECD00E65B85 /* Preview Assets.xcassets in Resources */ = {isa = PBXBuildFile; fileRef = E912DC24275CCECD00E65B85 /* Preview Assets.xcassets */; };
		E912DC2C275CD5D400E65B85 /* Card.swift in Sources */ = {isa = PBXBuildFile; fileRef = E912DC2B275CD5D400E65B85 /* Card.swift */; };
		E912DC2E275CD99700E65B85 /* Theme.swift in Sources */ = {isa = PBXBuildFile; fileRef = E912DC2D275CD99700E65B85 /* Theme.swift */; };
		E912DC30275CFE5600E65B85 /* Utils.swift in Sources */ = {isa = PBXBuildFile; fileRef = E912DC2F275CFE5600E65B85 /* Utils.swift */; };
		E912DC32275D08ED00E65B85 /* SetGameViewModel.swift in Sources */ = {isa = PBXBuildFile; fileRef = E912DC31275D08ED00E65B85 /* SetGameViewModel.swift */; };
		E912DC38275F871F00E65B85 /* CardView.swift in Sources */ = {isa = PBXBuildFile; fileRef = E912DC37275F871F00E65B85 /* CardView.swift */; };
		E912DC3A2761EF0000E65B85 /* AspectGrid.swift in Sources */ = {isa = PBXBuildFile; fileRef = E912DC392761EF0000E65B85 /* AspectGrid.swift */; };
		E912DC3C27621D0800E65B85 /* DiamondShape.swift in Sources */ = {isa = PBXBuildFile; fileRef = E912DC3B27621D0800E65B85 /* DiamondShape.swift */; };
		E912DC4027624F4A00E65B85 /* SquiggleShape.swift in Sources */ = {isa = PBXBuildFile; fileRef = E912DC3F27624F4A00E65B85 /* SquiggleShape.swift */; };
		E91984732768FC18004E063D /* NumberBuilder.swift in Sources */ = {isa = PBXBuildFile; fileRef = E91984722768FC18004E063D /* NumberBuilder.swift */; };
		E919847D276C7692004E063D /* Cardify.swift in Sources */ = {isa = PBXBuildFile; fileRef = E919847C276C7692004E063D /* Cardify.swift */; };
/* End PBXBuildFile section */

/* Begin PBXFileReference section */
		E909B2D9276609C60018F19B /* GameProtocol.swift */ = {isa = PBXFileReference; lastKnownFileType = sourcecode.swift; path = GameProtocol.swift; sourceTree = "<group>"; };
		E909B2DB2768E6790018F19B /* ShapeBuilder.swift */ = {isa = PBXFileReference; lastKnownFileType = sourcecode.swift; path = ShapeBuilder.swift; sourceTree = "<group>"; };
		E909B2DD2768E8A30018F19B /* AllEnums.swift */ = {isa = PBXFileReference; lastKnownFileType = sourcecode.swift; path = AllEnums.swift; sourceTree = "<group>"; };
		E912DC1A275CCECB00E65B85 /* SetGame.app */ = {isa = PBXFileReference; explicitFileType = wrapper.application; includeInIndex = 0; path = SetGame.app; sourceTree = BUILT_PRODUCTS_DIR; };
		E912DC1D275CCECB00E65B85 /* SetGameApp.swift */ = {isa = PBXFileReference; lastKnownFileType = sourcecode.swift; path = SetGameApp.swift; sourceTree = "<group>"; };
		E912DC1F275CCECB00E65B85 /* ContentView.swift */ = {isa = PBXFileReference; lastKnownFileType = sourcecode.swift; path = ContentView.swift; sourceTree = "<group>"; };
		E912DC21275CCECD00E65B85 /* Assets.xcassets */ = {isa = PBXFileReference; lastKnownFileType = folder.assetcatalog; path = Assets.xcassets; sourceTree = "<group>"; };
		E912DC24275CCECD00E65B85 /* Preview Assets.xcassets */ = {isa = PBXFileReference; lastKnownFileType = folder.assetcatalog; path = "Preview Assets.xcassets"; sourceTree = "<group>"; };
		E912DC2B275CD5D400E65B85 /* Card.swift */ = {isa = PBXFileReference; lastKnownFileType = sourcecode.swift; path = Card.swift; sourceTree = "<group>"; };
		E912DC2D275CD99700E65B85 /* Theme.swift */ = {isa = PBXFileReference; lastKnownFileType = sourcecode.swift; path = Theme.swift; sourceTree = "<group>"; };
		E912DC2F275CFE5600E65B85 /* Utils.swift */ = {isa = PBXFileReference; lastKnownFileType = sourcecode.swift; path = Utils.swift; sourceTree = "<group>"; };
		E912DC31275D08ED00E65B85 /* SetGameViewModel.swift */ = {isa = PBXFileReference; lastKnownFileType = sourcecode.swift; path = SetGameViewModel.swift; sourceTree = "<group>"; };
		E912DC37275F871F00E65B85 /* CardView.swift */ = {isa = PBXFileReference; lastKnownFileType = sourcecode.swift; path = CardView.swift; sourceTree = "<group>"; };
		E912DC392761EF0000E65B85 /* AspectGrid.swift */ = {isa = PBXFileReference; lastKnownFileType = sourcecode.swift; path = AspectGrid.swift; sourceTree = "<group>"; };
		E912DC3B27621D0800E65B85 /* DiamondShape.swift */ = {isa = PBXFileReference; lastKnownFileType = sourcecode.swift; path = DiamondShape.swift; sourceTree = "<group>"; };
		E912DC3F27624F4A00E65B85 /* SquiggleShape.swift */ = {isa = PBXFileReference; lastKnownFileType = sourcecode.swift; path = SquiggleShape.swift; sourceTree = "<group>"; };
		E91984722768FC18004E063D /* NumberBuilder.swift */ = {isa = PBXFileReference; lastKnownFileType = sourcecode.swift; path = NumberBuilder.swift; sourceTree = "<group>"; };
		E919847C276C7692004E063D /* Cardify.swift */ = {isa = PBXFileReference; lastKnownFileType = sourcecode.swift; path = Cardify.swift; sourceTree = "<group>"; };
/* End PBXFileReference section */

/* Begin PBXFrameworksBuildPhase section */
		E912DC17275CCECB00E65B85 /* Frameworks */ = {
			isa = PBXFrameworksBuildPhase;
			buildActionMask = 2147483647;
			files = (
			);
			runOnlyForDeploymentPostprocessing = 0;
		};
/* End PBXFrameworksBuildPhase section */

/* Begin PBXGroup section */
		E912DC11275CCECB00E65B85 = {
			isa = PBXGroup;
			children = (
				E912DC1C275CCECB00E65B85 /* SetGame */,
				E912DC1B275CCECB00E65B85 /* Products */,
			);
			sourceTree = "<group>";
		};
		E912DC1B275CCECB00E65B85 /* Products */ = {
			isa = PBXGroup;
			children = (
				E912DC1A275CCECB00E65B85 /* SetGame.app */,
			);
			name = Products;
			sourceTree = "<group>";
		};
		E912DC1C275CCECB00E65B85 /* SetGame */ = {
			isa = PBXGroup;
			children = (
				E912DC4327624FCF00E65B85 /* Model */,
				E912DC4227624FA700E65B85 /* ViewModel */,
				E912DC1D275CCECB00E65B85 /* SetGameApp.swift */,
				E912DC4127624F6D00E65B85 /* View */,
				E912DC2F275CFE5600E65B85 /* Utils.swift */,
				E912DC21275CCECD00E65B85 /* Assets.xcassets */,
				E912DC23275CCECD00E65B85 /* Preview Content */,
			);
			path = SetGame;
			sourceTree = "<group>";
		};
		E912DC23275CCECD00E65B85 /* Preview Content */ = {
			isa = PBXGroup;
			children = (
				E912DC24275CCECD00E65B85 /* Preview Assets.xcassets */,
			);
			path = "Preview Content";
			sourceTree = "<group>";
		};
		E912DC4127624F6D00E65B85 /* View */ = {
			isa = PBXGroup;
			children = (
				E91984712768FBEE004E063D /* ViewBuilders */,
				E912DC392761EF0000E65B85 /* AspectGrid.swift */,
				E912DC3B27621D0800E65B85 /* DiamondShape.swift */,
				E912DC3F27624F4A00E65B85 /* SquiggleShape.swift */,
				E912DC1F275CCECB00E65B85 /* ContentView.swift */,
				E912DC37275F871F00E65B85 /* CardView.swift */,
			);
			path = View;
			sourceTree = "<group>";
		};
		E912DC4227624FA700E65B85 /* ViewModel */ = {
			isa = PBXGroup;
			children = (
				E912DC31275D08ED00E65B85 /* SetGameViewModel.swift */,
			);
			path = ViewModel;
			sourceTree = "<group>";
		};
		E912DC4327624FCF00E65B85 /* Model */ = {
			isa = PBXGroup;
			children = (
				E912DC2D275CD99700E65B85 /* Theme.swift */,
				E909B2DD2768E8A30018F19B /* AllEnums.swift */,
				E912DC2B275CD5D400E65B85 /* Card.swift */,
				E919847C276C7692004E063D /* Cardify.swift */,
				E909B2D9276609C60018F19B /* GameProtocol.swift */,
			);
			path = Model;
			sourceTree = "<group>";
		};
		E91984712768FBEE004E063D /* ViewBuilders */ = {
			isa = PBXGroup;
			children = (
				E909B2DB2768E6790018F19B /* ShapeBuilder.swift */,
				E91984722768FC18004E063D /* NumberBuilder.swift */,
			);
			path = ViewBuilders;
			sourceTree = "<group>";
		};
/* End PBXGroup section */

/* Begin PBXNativeTarget section */
		E912DC19275CCECB00E65B85 /* SetGame */ = {
			isa = PBXNativeTarget;
			buildConfigurationList = E912DC28275CCECD00E65B85 /* Build configuration list for PBXNativeTarget "SetGame" */;
			buildPhases = (
				E912DC16275CCECB00E65B85 /* Sources */,
				E912DC17275CCECB00E65B85 /* Frameworks */,
				E912DC18275CCECB00E65B85 /* Resources */,
			);
			buildRules = (
			);
			dependencies = (
			);
			name = SetGame;
			packageProductDependencies = (
			);
			productName = SetGame;
			productReference = E912DC1A275CCECB00E65B85 /* SetGame.app */;
			productType = "com.apple.product-type.application";
		};
/* End PBXNativeTarget section */

/* Begin PBXProject section */
		E912DC12275CCECB00E65B85 /* Project object */ = {
			isa = PBXProject;
			attributes = {
				BuildIndependentTargetsInParallel = 1;
				LastSwiftUpdateCheck = 1310;
				LastUpgradeCheck = 1310;
				TargetAttributes = {
					E912DC19275CCECB00E65B85 = {
						CreatedOnToolsVersion = 13.1;
					};
				};
			};
			buildConfigurationList = E912DC15275CCECB00E65B85 /* Build configuration list for PBXProject "SetGame" */;
			compatibilityVersion = "Xcode 13.0";
			developmentRegion = en;
			hasScannedForEncodings = 0;
			knownRegions = (
				en,
				Base,
			);
			mainGroup = E912DC11275CCECB00E65B85;
			packageReferences = (
			);
			productRefGroup = E912DC1B275CCECB00E65B85 /* Products */;
			projectDirPath = "";
			projectRoot = "";
			targets = (
				E912DC19275CCECB00E65B85 /* SetGame */,
			);
		};
/* End PBXProject section */

/* Begin PBXResourcesBuildPhase section */
		E912DC18275CCECB00E65B85 /* Resources */ = {
			isa = PBXResourcesBuildPhase;
			buildActionMask = 2147483647;
			files = (
				E912DC25275CCECD00E65B85 /* Preview Assets.xcassets in Resources */,
				E912DC22275CCECD00E65B85 /* Assets.xcassets in Resources */,
			);
			runOnlyForDeploymentPostprocessing = 0;
		};
/* End PBXResourcesBuildPhase section */

/* Begin PBXSourcesBuildPhase section */
		E912DC16275CCECB00E65B85 /* Sources */ = {
			isa = PBXSourcesBuildPhase;
			buildActionMask = 2147483647;
			files = (
				E909B2DC2768E6790018F19B /* ShapeBuilder.swift in Sources */,
				E912DC30275CFE5600E65B85 /* Utils.swift in Sources */,
				E912DC4027624F4A00E65B85 /* SquiggleShape.swift in Sources */,
				E919847D276C7692004E063D /* Cardify.swift in Sources */,
				E912DC38275F871F00E65B85 /* CardView.swift in Sources */,
				E909B2DA276609C60018F19B /* GameProtocol.swift in Sources */,
				E912DC20275CCECB00E65B85 /* ContentView.swift in Sources */,
				E912DC2E275CD99700E65B85 /* Theme.swift in Sources */,
				E912DC32275D08ED00E65B85 /* SetGameViewModel.swift in Sources */,
				E909B2DE2768E8A30018F19B /* AllEnums.swift in Sources */,
				E91984732768FC18004E063D /* NumberBuilder.swift in Sources */,
				E912DC3A2761EF0000E65B85 /* AspectGrid.swift in Sources */,
				E912DC2C275CD5D400E65B85 /* Card.swift in Sources */,
				E912DC1E275CCECB00E65B85 /* SetGameApp.swift in Sources */,
				E912DC3C27621D0800E65B85 /* DiamondShape.swift in Sources */,
			);
			runOnlyForDeploymentPostprocessing = 0;
		};
/* End PBXSourcesBuildPhase section */

/* Begin XCBuildConfiguration section */
		E912DC26275CCECD00E65B85 /* Debug */ = {
			isa = XCBuildConfiguration;
			buildSettings = {
				ALWAYS_SEARCH_USER_PATHS = NO;
				CLANG_ANALYZER_NONNULL = YES;
				CLANG_ANALYZER_NUMBER_OBJECT_CONVERSION = YES_AGGRESSIVE;
				CLANG_CXX_LANGUAGE_STANDARD = "gnu++17";
				CLANG_CXX_LIBRARY = "libc++";
				CLANG_ENABLE_MODULES = YES;
				CLANG_ENABLE_OBJC_ARC = YES;
				CLANG_ENABLE_OBJC_WEAK = YES;
				CLANG_WARN_BLOCK_CAPTURE_AUTORELEASING = YES;
				CLANG_WARN_BOOL_CONVERSION = YES;
				CLANG_WARN_COMMA = YES;
				CLANG_WARN_CONSTANT_CONVERSION = YES;
				CLANG_WARN_DEPRECATED_OBJC_IMPLEMENTATIONS = YES;
				CLANG_WARN_DIRECT_OBJC_ISA_USAGE = YES_ERROR;
				CLANG_WARN_DOCUMENTATION_COMMENTS = YES;
				CLANG_WARN_EMPTY_BODY = YES;
				CLANG_WARN_ENUM_CONVERSION = YES;
				CLANG_WARN_INFINITE_RECURSION = YES;
				CLANG_WARN_INT_CONVERSION = YES;
				CLANG_WARN_NON_LITERAL_NULL_CONVERSION = YES;
				CLANG_WARN_OBJC_IMPLICIT_RETAIN_SELF = YES;
				CLANG_WARN_OBJC_LITERAL_CONVERSION = YES;
				CLANG_WARN_OBJC_ROOT_CLASS = YES_ERROR;
				CLANG_WARN_QUOTED_INCLUDE_IN_FRAMEWORK_HEADER = YES;
				CLANG_WARN_RANGE_LOOP_ANALYSIS = YES;
				CLANG_WARN_STRICT_PROTOTYPES = YES;
				CLANG_WARN_SUSPICIOUS_MOVE = YES;
				CLANG_WARN_UNGUARDED_AVAILABILITY = YES_AGGRESSIVE;
				CLANG_WARN_UNREACHABLE_CODE = YES;
				CLANG_WARN__DUPLICATE_METHOD_MATCH = YES;
				COPY_PHASE_STRIP = NO;
				DEBUG_INFORMATION_FORMAT = dwarf;
				ENABLE_STRICT_OBJC_MSGSEND = YES;
				ENABLE_TESTABILITY = YES;
				GCC_C_LANGUAGE_STANDARD = gnu11;
				GCC_DYNAMIC_NO_PIC = NO;
				GCC_NO_COMMON_BLOCKS = YES;
				GCC_OPTIMIZATION_LEVEL = 0;
				GCC_PREPROCESSOR_DEFINITIONS = (
					"DEBUG=1",
					"$(inherited)",
				);
				GCC_WARN_64_TO_32_BIT_CONVERSION = YES;
				GCC_WARN_ABOUT_RETURN_TYPE = YES_ERROR;
				GCC_WARN_UNDECLARED_SELECTOR = YES;
				GCC_WARN_UNINITIALIZED_AUTOS = YES_AGGRESSIVE;
				GCC_WARN_UNUSED_FUNCTION = YES;
				GCC_WARN_UNUSED_VARIABLE = YES;
				IPHONEOS_DEPLOYMENT_TARGET = 15.0;
				MTL_ENABLE_DEBUG_INFO = INCLUDE_SOURCE;
				MTL_FAST_MATH = YES;
				ONLY_ACTIVE_ARCH = YES;
				SDKROOT = iphoneos;
				SWIFT_ACTIVE_COMPILATION_CONDITIONS = DEBUG;
				SWIFT_OPTIMIZATION_LEVEL = "-Onone";
			};
			name = Debug;
		};
		E912DC27275CCECD00E65B85 /* Release */ = {
			isa = XCBuildConfiguration;
			buildSettings = {
				ALWAYS_SEARCH_USER_PATHS = NO;
				CLANG_ANALYZER_NONNULL = YES;
				CLANG_ANALYZER_NUMBER_OBJECT_CONVERSION = YES_AGGRESSIVE;
				CLANG_CXX_LANGUAGE_STANDARD = "gnu++17";
				CLANG_CXX_LIBRARY = "libc++";
				CLANG_ENABLE_MODULES = YES;
				CLANG_ENABLE_OBJC_ARC = YES;
				CLANG_ENABLE_OBJC_WEAK = YES;
				CLANG_WARN_BLOCK_CAPTURE_AUTORELEASING = YES;
				CLANG_WARN_BOOL_CONVERSION = YES;
				CLANG_WARN_COMMA = YES;
				CLANG_WARN_CONSTANT_CONVERSION = YES;
				CLANG_WARN_DEPRECATED_OBJC_IMPLEMENTATIONS = YES;
				CLANG_WARN_DIRECT_OBJC_ISA_USAGE = YES_ERROR;
				CLANG_WARN_DOCUMENTATION_COMMENTS = YES;
				CLANG_WARN_EMPTY_BODY = YES;
				CLANG_WARN_ENUM_CONVERSION = YES;
				CLANG_WARN_INFINITE_RECURSION = YES;
				CLANG_WARN_INT_CONVERSION = YES;
				CLANG_WARN_NON_LITERAL_NULL_CONVERSION = YES;
				CLANG_WARN_OBJC_IMPLICIT_RETAIN_SELF = YES;
				CLANG_WARN_OBJC_LITERAL_CONVERSION = YES;
				CLANG_WARN_OBJC_ROOT_CLASS = YES_ERROR;
				CLANG_WARN_QUOTED_INCLUDE_IN_FRAMEWORK_HEADER = YES;
				CLANG_WARN_RANGE_LOOP_ANALYSIS = YES;
				CLANG_WARN_STRICT_PROTOTYPES = YES;
				CLANG_WARN_SUSPICIOUS_MOVE = YES;
				CLANG_WARN_UNGUARDED_AVAILABILITY = YES_AGGRESSIVE;
				CLANG_WARN_UNREACHABLE_CODE = YES;
				CLANG_WARN__DUPLICATE_METHOD_MATCH = YES;
				COPY_PHASE_STRIP = NO;
				DEBUG_INFORMATION_FORMAT = "dwarf-with-dsym";
				ENABLE_NS_ASSERTIONS = NO;
				ENABLE_STRICT_OBJC_MSGSEND = YES;
				GCC_C_LANGUAGE_STANDARD = gnu11;
				GCC_NO_COMMON_BLOCKS = YES;
				GCC_WARN_64_TO_32_BIT_CONVERSION = YES;
				GCC_WARN_ABOUT_RETURN_TYPE = YES_ERROR;
				GCC_WARN_UNDECLARED_SELECTOR = YES;
				GCC_WARN_UNINITIALIZED_AUTOS = YES_AGGRESSIVE;
				GCC_WARN_UNUSED_FUNCTION = YES;
				GCC_WARN_UNUSED_VARIABLE = YES;
				IPHONEOS_DEPLOYMENT_TARGET = 15.0;
				MTL_ENABLE_DEBUG_INFO = NO;
				MTL_FAST_MATH = YES;
				SDKROOT = iphoneos;
				SWIFT_COMPILATION_MODE = wholemodule;
				SWIFT_OPTIMIZATION_LEVEL = "-O";
				VALIDATE_PRODUCT = YES;
			};
			name = Release;
		};
		E912DC29275CCECD00E65B85 /* Debug */ = {
			isa = XCBuildConfiguration;
			buildSettings = {
				ASSETCATALOG_COMPILER_APPICON_NAME = AppIcon;
				ASSETCATALOG_COMPILER_GLOBAL_ACCENT_COLOR_NAME = AccentColor;
				CODE_SIGN_STYLE = Automatic;
				CURRENT_PROJECT_VERSION = 1;
				DEVELOPMENT_ASSET_PATHS = "\"SetGame/Preview Content\"";
				DEVELOPMENT_TEAM = 2XH9XQZMMS;
				ENABLE_PREVIEWS = YES;
				GENERATE_INFOPLIST_FILE = YES;
				INFOPLIST_KEY_UIApplicationSceneManifest_Generation = YES;
				INFOPLIST_KEY_UIApplicationSupportsIndirectInputEvents = YES;
				INFOPLIST_KEY_UILaunchScreen_Generation = YES;
				INFOPLIST_KEY_UISupportedInterfaceOrientations_iPad = "UIInterfaceOrientationPortrait UIInterfaceOrientationPortraitUpsideDown UIInterfaceOrientationLandscapeLeft UIInterfaceOrientationLandscapeRight";
				INFOPLIST_KEY_UISupportedInterfaceOrientations_iPhone = "UIInterfaceOrientationPortrait UIInterfaceOrientationLandscapeLeft UIInterfaceOrientationLandscapeRight";
				LD_RUNPATH_SEARCH_PATHS = (
					"$(inherited)",
					"@executable_path/Frameworks",
				);
				MARKETING_VERSION = 1.0;
				PRODUCT_BUNDLE_IDENTIFIER = Alina.SetGame;
				PRODUCT_NAME = "$(TARGET_NAME)";
				SWIFT_EMIT_LOC_STRINGS = YES;
				SWIFT_VERSION = 5.0;
				TARGETED_DEVICE_FAMILY = "1,2";
			};
			name = Debug;
		};
		E912DC2A275CCECD00E65B85 /* Release */ = {
			isa = XCBuildConfiguration;
			buildSettings = {
				ASSETCATALOG_COMPILER_APPICON_NAME = AppIcon;
				ASSETCATALOG_COMPILER_GLOBAL_ACCENT_COLOR_NAME = AccentColor;
				CODE_SIGN_STYLE = Automatic;
				CURRENT_PROJECT_VERSION = 1;
				DEVELOPMENT_ASSET_PATHS = "\"SetGame/Preview Content\"";
				DEVELOPMENT_TEAM = 2XH9XQZMMS;
				ENABLE_PREVIEWS = YES;
				GENERATE_INFOPLIST_FILE = YES;
				INFOPLIST_KEY_UIApplicationSceneManifest_Generation = YES;
				INFOPLIST_KEY_UIApplicationSupportsIndirectInputEvents = YES;
				INFOPLIST_KEY_UILaunchScreen_Generation = YES;
				INFOPLIST_KEY_UISupportedInterfaceOrientations_iPad = "UIInterfaceOrientationPortrait UIInterfaceOrientationPortraitUpsideDown UIInterfaceOrientationLandscapeLeft UIInterfaceOrientationLandscapeRight";
				INFOPLIST_KEY_UISupportedInterfaceOrientations_iPhone = "UIInterfaceOrientationPortrait UIInterfaceOrientationLandscapeLeft UIInterfaceOrientationLandscapeRight";
				LD_RUNPATH_SEARCH_PATHS = (
					"$(inherited)",
					"@executable_path/Frameworks",
				);
				MARKETING_VERSION = 1.0;
				PRODUCT_BUNDLE_IDENTIFIER = Alina.SetGame;
				PRODUCT_NAME = "$(TARGET_NAME)";
				SWIFT_EMIT_LOC_STRINGS = YES;
				SWIFT_VERSION = 5.0;
				TARGETED_DEVICE_FAMILY = "1,2";
			};
			name = Release;
		};
/* End XCBuildConfiguration section */

/* Begin XCConfigurationList section */
		E912DC15275CCECB00E65B85 /* Build configuration list for PBXProject "SetGame" */ = {
			isa = XCConfigurationList;
			buildConfigurations = (
				E912DC26275CCECD00E65B85 /* Debug */,
				E912DC27275CCECD00E65B85 /* Release */,
			);
			defaultConfigurationIsVisible = 0;
			defaultConfigurationName = Release;
		};
		E912DC28275CCECD00E65B85 /* Build configuration list for PBXNativeTarget "SetGame" */ = {
			isa = XCConfigurationList;
			buildConfigurations = (
				E912DC29275CCECD00E65B85 /* Debug */,
				E912DC2A275CCECD00E65B85 /* Release */,
			);
			defaultConfigurationIsVisible = 0;
			defaultConfigurationName = Release;
		};
/* End XCConfigurationList section */
	};
	rootObject = E912DC12275CCECB00E65B85 /* Project object */;
}
